// !$*UTF8*$!
{
	archiveVersion = 1;
	classes = {
	};
	objectVersion = 46;
	objects = {

/* Begin PBXBuildFile section */
		275D18104439B84288D8119A /* Pods_Chicago_Oasis.framework in Frameworks */ = {isa = PBXBuildFile; fileRef = 64A83E34F40AE447D97B58FC /* Pods_Chicago_Oasis.framework */; };
		C9155A871CD0171400D6B995 /* CriticalBusinessDAO.swift in Sources */ = {isa = PBXBuildFile; fileRef = C9155A861CD0171400D6B995 /* CriticalBusinessDAO.swift */; };
		C9155A891CD0474300D6B995 /* SocioeconomicDAO.swift in Sources */ = {isa = PBXBuildFile; fileRef = C9155A881CD0474300D6B995 /* SocioeconomicDAO.swift */; };
		C91BBA421CCBC05F005477D4 /* AppDelegate.swift in Sources */ = {isa = PBXBuildFile; fileRef = C91BBA411CCBC05F005477D4 /* AppDelegate.swift */; };
		C91BBA441CCBC05F005477D4 /* MasterViewController.swift in Sources */ = {isa = PBXBuildFile; fileRef = C91BBA431CCBC05F005477D4 /* MasterViewController.swift */; };
		C91BBA461CCBC05F005477D4 /* DetailViewController.swift in Sources */ = {isa = PBXBuildFile; fileRef = C91BBA451CCBC05F005477D4 /* DetailViewController.swift */; };
		C91BBA491CCBC05F005477D4 /* Main.storyboard in Resources */ = {isa = PBXBuildFile; fileRef = C91BBA471CCBC05F005477D4 /* Main.storyboard */; };
		C91BBA4B1CCBC060005477D4 /* Assets.xcassets in Resources */ = {isa = PBXBuildFile; fileRef = C91BBA4A1CCBC060005477D4 /* Assets.xcassets */; };
		C91BBA4E1CCBC060005477D4 /* LaunchScreen.storyboard in Resources */ = {isa = PBXBuildFile; fileRef = C91BBA4C1CCBC060005477D4 /* LaunchScreen.storyboard */; };
		C91BBA591CCBC060005477D4 /* Chicago_OasisTests.swift in Sources */ = {isa = PBXBuildFile; fileRef = C91BBA581CCBC060005477D4 /* Chicago_OasisTests.swift */; };
		C91BBA641CCBC060005477D4 /* Chicago_OasisUITests.swift in Sources */ = {isa = PBXBuildFile; fileRef = C91BBA631CCBC060005477D4 /* Chicago_OasisUITests.swift */; };
		C943D1EF1CDE317F00941B5C /* UserDefaults.swift in Sources */ = {isa = PBXBuildFile; fileRef = C943D1EE1CDE317F00941B5C /* UserDefaults.swift */; };
		C943D1F51CDE361B00941B5C /* Settings.bundle in Resources */ = {isa = PBXBuildFile; fileRef = C943D1F41CDE361B00941B5C /* Settings.bundle */; };
		C944D8A61CCEF0BA005D136E /* LaunchViewController.swift in Sources */ = {isa = PBXBuildFile; fileRef = C944D8A51CCEF0BA005D136E /* LaunchViewController.swift */; };
		C944D8A81CCEF3F9005D136E /* SplitViewController.swift in Sources */ = {isa = PBXBuildFile; fileRef = C944D8A71CCEF3F9005D136E /* SplitViewController.swift */; };
		C956BD941CD2740D00B080E6 /* NeighborhoodPopoverController.swift in Sources */ = {isa = PBXBuildFile; fileRef = C956BD931CD2740D00B080E6 /* NeighborhoodPopoverController.swift */; };
		C95AC6431CCBC27A0068EFEB /* MapKit.framework in Frameworks */ = {isa = PBXBuildFile; fileRef = C95AC6421CCBC27A0068EFEB /* MapKit.framework */; };
		C95AC6461CCC20F00068EFEB /* LicenseDAO.swift in Sources */ = {isa = PBXBuildFile; fileRef = C95AC6451CCC20F00068EFEB /* LicenseDAO.swift */; };
		C95BBF521CECE06C00E44F18 /* String+Localized.swift in Sources */ = {isa = PBXBuildFile; fileRef = C95BBF511CECE06C00E44F18 /* String+Localized.swift */; };
		C95BBF541CECE23600E44F18 /* Localizable.strings in Resources */ = {isa = PBXBuildFile; fileRef = C95BBF531CECE23600E44F18 /* Localizable.strings */; };
		C99691991CD2F4D2007DE451 /* CensusPopoverController.swift in Sources */ = {isa = PBXBuildFile; fileRef = C99691981CD2F4D2007DE451 /* CensusPopoverController.swift */; };
		C996919B1CD2F4F9007DE451 /* AreaPopoverController.swift in Sources */ = {isa = PBXBuildFile; fileRef = C996919A1CD2F4F9007DE451 /* AreaPopoverController.swift */; };
		C999314F1CCC6BD700FB9701 /* PolygonDAO.swift in Sources */ = {isa = PBXBuildFile; fileRef = C999314E1CCC6BD700FB9701 /* PolygonDAO.swift */; };
		C99931511CCC6EE900FB9701 /* neighborhoods.kml in Resources */ = {isa = PBXBuildFile; fileRef = C99931501CCC6EE900FB9701 /* neighborhoods.kml */; };
		C99931551CCD1A3800FB9701 /* census.kml in Resources */ = {isa = PBXBuildFile; fileRef = C99931541CCD1A3700FB9701 /* census.kml */; };
		C99931571CCD862600FB9701 /* AboutViewController.swift in Sources */ = {isa = PBXBuildFile; fileRef = C99931561CCD862600FB9701 /* AboutViewController.swift */; };
		C99931591CCD88F500FB9701 /* AccessibilityDAO.swift in Sources */ = {isa = PBXBuildFile; fileRef = C99931581CCD88F500FB9701 /* AccessibilityDAO.swift */; };
		C999315B1CCD898D00FB9701 /* MapType.swift in Sources */ = {isa = PBXBuildFile; fileRef = C999315A1CCD898D00FB9701 /* MapType.swift */; };
		C9C352161CD3E35400392A99 /* CriticalBusinessRecord.swift in Sources */ = {isa = PBXBuildFile; fileRef = C9C352151CD3E35400392A99 /* CriticalBusinessRecord.swift */; };
		C9C352181CD3E37D00392A99 /* SocioeconomicRecord.swift in Sources */ = {isa = PBXBuildFile; fileRef = C9C352171CD3E37D00392A99 /* SocioeconomicRecord.swift */; };
		C9C3521A1CD3E39F00392A99 /* LicenseRecord.swift in Sources */ = {isa = PBXBuildFile; fileRef = C9C352191CD3E39F00392A99 /* LicenseRecord.swift */; };
		C9C3521C1CD3E3B200392A99 /* Polygon.swift in Sources */ = {isa = PBXBuildFile; fileRef = C9C3521B1CD3E3B200392A99 /* Polygon.swift */; };
		C9C3521E1CD3E3C800392A99 /* AccessibilityRecord.swift in Sources */ = {isa = PBXBuildFile; fileRef = C9C3521D1CD3E3C800392A99 /* AccessibilityRecord.swift */; };
		C9C352201CD4076900392A99 /* BusinessPopoverController.swift in Sources */ = {isa = PBXBuildFile; fileRef = C9C3521F1CD4076900392A99 /* BusinessPopoverController.swift */; };
		C9C352221CD50DAA00392A99 /* AlertFacade.swift in Sources */ = {isa = PBXBuildFile; fileRef = C9C352211CD50DAA00392A99 /* AlertFacade.swift */; };
/* End PBXBuildFile section */

/* Begin PBXContainerItemProxy section */
		C91BBA551CCBC060005477D4 /* PBXContainerItemProxy */ = {
			isa = PBXContainerItemProxy;
			containerPortal = C91BBA361CCBC05F005477D4 /* Project object */;
			proxyType = 1;
			remoteGlobalIDString = C91BBA3D1CCBC05F005477D4;
			remoteInfo = "Chicago Oasis";
		};
		C91BBA601CCBC060005477D4 /* PBXContainerItemProxy */ = {
			isa = PBXContainerItemProxy;
			containerPortal = C91BBA361CCBC05F005477D4 /* Project object */;
			proxyType = 1;
			remoteGlobalIDString = C91BBA3D1CCBC05F005477D4;
			remoteInfo = "Chicago Oasis";
		};
/* End PBXContainerItemProxy section */

/* Begin PBXFileReference section */
		479286B830A68E12BDF87D7C /* Pods-Chicago Oasis.debug.xcconfig */ = {isa = PBXFileReference; includeInIndex = 1; lastKnownFileType = text.xcconfig; name = "Pods-Chicago Oasis.debug.xcconfig"; path = "Pods/Target Support Files/Pods-Chicago Oasis/Pods-Chicago Oasis.debug.xcconfig"; sourceTree = "<group>"; };
		64A83E34F40AE447D97B58FC /* Pods_Chicago_Oasis.framework */ = {isa = PBXFileReference; explicitFileType = wrapper.framework; includeInIndex = 0; path = Pods_Chicago_Oasis.framework; sourceTree = BUILT_PRODUCTS_DIR; };
		C9155A861CD0171400D6B995 /* CriticalBusinessDAO.swift */ = {isa = PBXFileReference; fileEncoding = 4; lastKnownFileType = sourcecode.swift; path = CriticalBusinessDAO.swift; sourceTree = "<group>"; };
		C9155A881CD0474300D6B995 /* SocioeconomicDAO.swift */ = {isa = PBXFileReference; fileEncoding = 4; lastKnownFileType = sourcecode.swift; path = SocioeconomicDAO.swift; sourceTree = "<group>"; };
		C91BBA3E1CCBC05F005477D4 /* Chicago Oasis.app */ = {isa = PBXFileReference; explicitFileType = wrapper.application; includeInIndex = 0; path = "Chicago Oasis.app"; sourceTree = BUILT_PRODUCTS_DIR; };
		C91BBA411CCBC05F005477D4 /* AppDelegate.swift */ = {isa = PBXFileReference; lastKnownFileType = sourcecode.swift; path = AppDelegate.swift; sourceTree = "<group>"; };
		C91BBA431CCBC05F005477D4 /* MasterViewController.swift */ = {isa = PBXFileReference; lastKnownFileType = sourcecode.swift; path = MasterViewController.swift; sourceTree = "<group>"; };
		C91BBA451CCBC05F005477D4 /* DetailViewController.swift */ = {isa = PBXFileReference; lastKnownFileType = sourcecode.swift; path = DetailViewController.swift; sourceTree = "<group>"; };
		C91BBA481CCBC05F005477D4 /* Base */ = {isa = PBXFileReference; lastKnownFileType = file.storyboard; name = Base; path = Base.lproj/Main.storyboard; sourceTree = "<group>"; };
		C91BBA4A1CCBC060005477D4 /* Assets.xcassets */ = {isa = PBXFileReference; lastKnownFileType = folder.assetcatalog; path = Assets.xcassets; sourceTree = "<group>"; };
		C91BBA4D1CCBC060005477D4 /* Base */ = {isa = PBXFileReference; lastKnownFileType = file.storyboard; name = Base; path = Base.lproj/LaunchScreen.storyboard; sourceTree = "<group>"; };
		C91BBA4F1CCBC060005477D4 /* Info.plist */ = {isa = PBXFileReference; lastKnownFileType = text.plist.xml; path = Info.plist; sourceTree = "<group>"; };
		C91BBA541CCBC060005477D4 /* Chicago OasisTests.xctest */ = {isa = PBXFileReference; explicitFileType = wrapper.cfbundle; includeInIndex = 0; path = "Chicago OasisTests.xctest"; sourceTree = BUILT_PRODUCTS_DIR; };
		C91BBA581CCBC060005477D4 /* Chicago_OasisTests.swift */ = {isa = PBXFileReference; lastKnownFileType = sourcecode.swift; path = Chicago_OasisTests.swift; sourceTree = "<group>"; };
		C91BBA5A1CCBC060005477D4 /* Info.plist */ = {isa = PBXFileReference; lastKnownFileType = text.plist.xml; path = Info.plist; sourceTree = "<group>"; };
		C91BBA5F1CCBC060005477D4 /* Chicago OasisUITests.xctest */ = {isa = PBXFileReference; explicitFileType = wrapper.cfbundle; includeInIndex = 0; path = "Chicago OasisUITests.xctest"; sourceTree = BUILT_PRODUCTS_DIR; };
		C91BBA631CCBC060005477D4 /* Chicago_OasisUITests.swift */ = {isa = PBXFileReference; lastKnownFileType = sourcecode.swift; path = Chicago_OasisUITests.swift; sourceTree = "<group>"; };
		C91BBA651CCBC060005477D4 /* Info.plist */ = {isa = PBXFileReference; lastKnownFileType = text.plist.xml; path = Info.plist; sourceTree = "<group>"; };
		C943D1EE1CDE317F00941B5C /* UserDefaults.swift */ = {isa = PBXFileReference; fileEncoding = 4; lastKnownFileType = sourcecode.swift; path = UserDefaults.swift; sourceTree = "<group>"; };
		C943D1F41CDE361B00941B5C /* Settings.bundle */ = {isa = PBXFileReference; lastKnownFileType = "wrapper.plug-in"; name = Settings.bundle; path = ../Settings.bundle; sourceTree = "<group>"; };
		C944D8A51CCEF0BA005D136E /* LaunchViewController.swift */ = {isa = PBXFileReference; fileEncoding = 4; lastKnownFileType = sourcecode.swift; path = LaunchViewController.swift; sourceTree = "<group>"; };
		C944D8A71CCEF3F9005D136E /* SplitViewController.swift */ = {isa = PBXFileReference; fileEncoding = 4; lastKnownFileType = sourcecode.swift; path = SplitViewController.swift; sourceTree = "<group>"; };
		C956BD931CD2740D00B080E6 /* NeighborhoodPopoverController.swift */ = {isa = PBXFileReference; fileEncoding = 4; lastKnownFileType = sourcecode.swift; path = NeighborhoodPopoverController.swift; sourceTree = "<group>"; };
		C95AC6421CCBC27A0068EFEB /* MapKit.framework */ = {isa = PBXFileReference; lastKnownFileType = wrapper.framework; name = MapKit.framework; path = System/Library/Frameworks/MapKit.framework; sourceTree = SDKROOT; };
		C95AC6451CCC20F00068EFEB /* LicenseDAO.swift */ = {isa = PBXFileReference; fileEncoding = 4; lastKnownFileType = sourcecode.swift; path = LicenseDAO.swift; sourceTree = "<group>"; };
		C95BBF511CECE06C00E44F18 /* String+Localized.swift */ = {isa = PBXFileReference; fileEncoding = 4; lastKnownFileType = sourcecode.swift; path = "String+Localized.swift"; sourceTree = "<group>"; };
		C95BBF531CECE23600E44F18 /* Localizable.strings */ = {isa = PBXFileReference; fileEncoding = 4; lastKnownFileType = text.plist.strings; path = Localizable.strings; sourceTree = "<group>"; };
		C99691981CD2F4D2007DE451 /* CensusPopoverController.swift */ = {isa = PBXFileReference; fileEncoding = 4; lastKnownFileType = sourcecode.swift; path = CensusPopoverController.swift; sourceTree = "<group>"; };
		C996919A1CD2F4F9007DE451 /* AreaPopoverController.swift */ = {isa = PBXFileReference; fileEncoding = 4; lastKnownFileType = sourcecode.swift; path = AreaPopoverController.swift; sourceTree = "<group>"; };
		C999314E1CCC6BD700FB9701 /* PolygonDAO.swift */ = {isa = PBXFileReference; fileEncoding = 4; lastKnownFileType = sourcecode.swift; path = PolygonDAO.swift; sourceTree = "<group>"; };
		C99931501CCC6EE900FB9701 /* neighborhoods.kml */ = {isa = PBXFileReference; fileEncoding = 4; lastKnownFileType = text.xml; path = neighborhoods.kml; sourceTree = "<group>"; };
		C99931541CCD1A3700FB9701 /* census.kml */ = {isa = PBXFileReference; fileEncoding = 4; lastKnownFileType = text.xml; path = census.kml; sourceTree = "<group>"; };
		C99931561CCD862600FB9701 /* AboutViewController.swift */ = {isa = PBXFileReference; fileEncoding = 4; lastKnownFileType = sourcecode.swift; path = AboutViewController.swift; sourceTree = "<group>"; };
		C99931581CCD88F500FB9701 /* AccessibilityDAO.swift */ = {isa = PBXFileReference; fileEncoding = 4; lastKnownFileType = sourcecode.swift; path = AccessibilityDAO.swift; sourceTree = "<group>"; };
		C999315A1CCD898D00FB9701 /* MapType.swift */ = {isa = PBXFileReference; fileEncoding = 4; lastKnownFileType = sourcecode.swift; path = MapType.swift; sourceTree = "<group>"; };
		C9C352151CD3E35400392A99 /* CriticalBusinessRecord.swift */ = {isa = PBXFileReference; fileEncoding = 4; lastKnownFileType = sourcecode.swift; path = CriticalBusinessRecord.swift; sourceTree = "<group>"; };
		C9C352171CD3E37D00392A99 /* SocioeconomicRecord.swift */ = {isa = PBXFileReference; fileEncoding = 4; lastKnownFileType = sourcecode.swift; path = SocioeconomicRecord.swift; sourceTree = "<group>"; };
		C9C352191CD3E39F00392A99 /* LicenseRecord.swift */ = {isa = PBXFileReference; fileEncoding = 4; lastKnownFileType = sourcecode.swift; path = LicenseRecord.swift; sourceTree = "<group>"; };
		C9C3521B1CD3E3B200392A99 /* Polygon.swift */ = {isa = PBXFileReference; fileEncoding = 4; lastKnownFileType = sourcecode.swift; path = Polygon.swift; sourceTree = "<group>"; };
		C9C3521D1CD3E3C800392A99 /* AccessibilityRecord.swift */ = {isa = PBXFileReference; fileEncoding = 4; lastKnownFileType = sourcecode.swift; path = AccessibilityRecord.swift; sourceTree = "<group>"; };
		C9C3521F1CD4076900392A99 /* BusinessPopoverController.swift */ = {isa = PBXFileReference; fileEncoding = 4; lastKnownFileType = sourcecode.swift; path = BusinessPopoverController.swift; sourceTree = "<group>"; };
		C9C352211CD50DAA00392A99 /* AlertFacade.swift */ = {isa = PBXFileReference; fileEncoding = 4; lastKnownFileType = sourcecode.swift; path = AlertFacade.swift; sourceTree = "<group>"; };
		FE7FD2AED55C3EBDF6983B64 /* Pods-Chicago Oasis.release.xcconfig */ = {isa = PBXFileReference; includeInIndex = 1; lastKnownFileType = text.xcconfig; name = "Pods-Chicago Oasis.release.xcconfig"; path = "Pods/Target Support Files/Pods-Chicago Oasis/Pods-Chicago Oasis.release.xcconfig"; sourceTree = "<group>"; };
/* End PBXFileReference section */

/* Begin PBXFrameworksBuildPhase section */
		C91BBA3B1CCBC05F005477D4 /* Frameworks */ = {
			isa = PBXFrameworksBuildPhase;
			buildActionMask = 2147483647;
			files = (
				C95AC6431CCBC27A0068EFEB /* MapKit.framework in Frameworks */,
				275D18104439B84288D8119A /* Pods_Chicago_Oasis.framework in Frameworks */,
			);
			runOnlyForDeploymentPostprocessing = 0;
		};
		C91BBA511CCBC060005477D4 /* Frameworks */ = {
			isa = PBXFrameworksBuildPhase;
			buildActionMask = 2147483647;
			files = (
			);
			runOnlyForDeploymentPostprocessing = 0;
		};
		C91BBA5C1CCBC060005477D4 /* Frameworks */ = {
			isa = PBXFrameworksBuildPhase;
			buildActionMask = 2147483647;
			files = (
			);
			runOnlyForDeploymentPostprocessing = 0;
		};
/* End PBXFrameworksBuildPhase section */

/* Begin PBXGroup section */
		C23DA39CD5B838C11CD502A3 /* Frameworks */ = {
			isa = PBXGroup;
			children = (
				C95AC6421CCBC27A0068EFEB /* MapKit.framework */,
				64A83E34F40AE447D97B58FC /* Pods_Chicago_Oasis.framework */,
			);
			name = Frameworks;
			sourceTree = "<group>";
		};
		C4855A9123A60C370E9BF6C3 /* Pods */ = {
			isa = PBXGroup;
			children = (
				479286B830A68E12BDF87D7C /* Pods-Chicago Oasis.debug.xcconfig */,
				FE7FD2AED55C3EBDF6983B64 /* Pods-Chicago Oasis.release.xcconfig */,
			);
			name = Pods;
			sourceTree = "<group>";
		};
		C908CB701CD00E920069F694 /* UI */ = {
			isa = PBXGroup;
			children = (
				C91BBA471CCBC05F005477D4 /* Main.storyboard */,
				C91BBA4C1CCBC060005477D4 /* LaunchScreen.storyboard */,
				C91BBA431CCBC05F005477D4 /* MasterViewController.swift */,
				C91BBA451CCBC05F005477D4 /* DetailViewController.swift */,
				C99931561CCD862600FB9701 /* AboutViewController.swift */,
				C944D8A51CCEF0BA005D136E /* LaunchViewController.swift */,
				C944D8A71CCEF3F9005D136E /* SplitViewController.swift */,
				C956BD931CD2740D00B080E6 /* NeighborhoodPopoverController.swift */,
				C99691981CD2F4D2007DE451 /* CensusPopoverController.swift */,
				C9C3521F1CD4076900392A99 /* BusinessPopoverController.swift */,
				C996919A1CD2F4F9007DE451 /* AreaPopoverController.swift */,
				C9C352211CD50DAA00392A99 /* AlertFacade.swift */,
			);
			name = UI;
			sourceTree = "<group>";
		};
		C91BBA351CCBC05F005477D4 = {
			isa = PBXGroup;
			children = (
				C91BBA401CCBC05F005477D4 /* Chicago Oasis */,
				C91BBA571CCBC060005477D4 /* Chicago OasisTests */,
				C91BBA621CCBC060005477D4 /* Chicago OasisUITests */,
				C91BBA3F1CCBC05F005477D4 /* Products */,
				C4855A9123A60C370E9BF6C3 /* Pods */,
				C23DA39CD5B838C11CD502A3 /* Frameworks */,
			);
			sourceTree = "<group>";
		};
		C91BBA3F1CCBC05F005477D4 /* Products */ = {
			isa = PBXGroup;
			children = (
				C91BBA3E1CCBC05F005477D4 /* Chicago Oasis.app */,
				C91BBA541CCBC060005477D4 /* Chicago OasisTests.xctest */,
				C91BBA5F1CCBC060005477D4 /* Chicago OasisUITests.xctest */,
			);
			name = Products;
			sourceTree = "<group>";
		};
		C91BBA401CCBC05F005477D4 /* Chicago Oasis */ = {
			isa = PBXGroup;
			children = (
				C91BBA4A1CCBC060005477D4 /* Assets.xcassets */,
				C943D1F41CDE361B00941B5C /* Settings.bundle */,
				C91BBA411CCBC05F005477D4 /* AppDelegate.swift */,
				C943D1EE1CDE317F00941B5C /* UserDefaults.swift */,
				C95BBF511CECE06C00E44F18 /* String+Localized.swift */,
				C95AC6471CCC2A300068EFEB /* kml */,
				C908CB701CD00E920069F694 /* UI */,
				C95AC6441CCC180D0068EFEB /* model */,
				C91BBA4F1CCBC060005477D4 /* Info.plist */,
				C95BBF531CECE23600E44F18 /* Localizable.strings */,
			);
			path = "Chicago Oasis";
			sourceTree = "<group>";
		};
		C91BBA571CCBC060005477D4 /* Chicago OasisTests */ = {
			isa = PBXGroup;
			children = (
				C91BBA581CCBC060005477D4 /* Chicago_OasisTests.swift */,
				C91BBA5A1CCBC060005477D4 /* Info.plist */,
			);
			path = "Chicago OasisTests";
			sourceTree = "<group>";
		};
		C91BBA621CCBC060005477D4 /* Chicago OasisUITests */ = {
			isa = PBXGroup;
			children = (
				C91BBA631CCBC060005477D4 /* Chicago_OasisUITests.swift */,
				C91BBA651CCBC060005477D4 /* Info.plist */,
			);
			path = "Chicago OasisUITests";
			sourceTree = "<group>";
		};
		C95AC6441CCC180D0068EFEB /* model */ = {
			isa = PBXGroup;
			children = (
				C9155A881CD0474300D6B995 /* SocioeconomicDAO.swift */,
				C9C352171CD3E37D00392A99 /* SocioeconomicRecord.swift */,
				C9155A861CD0171400D6B995 /* CriticalBusinessDAO.swift */,
				C9C352151CD3E35400392A99 /* CriticalBusinessRecord.swift */,
				C95AC6451CCC20F00068EFEB /* LicenseDAO.swift */,
				C9C352191CD3E39F00392A99 /* LicenseRecord.swift */,
				C999314E1CCC6BD700FB9701 /* PolygonDAO.swift */,
				C9C3521B1CD3E3B200392A99 /* Polygon.swift */,
				C99931581CCD88F500FB9701 /* AccessibilityDAO.swift */,
				C9C3521D1CD3E3C800392A99 /* AccessibilityRecord.swift */,
				C999315A1CCD898D00FB9701 /* MapType.swift */,
			);
			name = model;
			sourceTree = "<group>";
		};
		C95AC6471CCC2A300068EFEB /* kml */ = {
			isa = PBXGroup;
			children = (
				C99931501CCC6EE900FB9701 /* neighborhoods.kml */,
				C99931541CCD1A3700FB9701 /* census.kml */,
			);
			name = kml;
			sourceTree = "<group>";
		};
/* End PBXGroup section */

/* Begin PBXNativeTarget section */
		C91BBA3D1CCBC05F005477D4 /* Chicago Oasis */ = {
			isa = PBXNativeTarget;
			buildConfigurationList = C91BBA681CCBC060005477D4 /* Build configuration list for PBXNativeTarget "Chicago Oasis" */;
			buildPhases = (
				CE9AF5BC753CC9BEAABFC919 /* Check Pods Manifest.lock */,
				C91BBA3A1CCBC05F005477D4 /* Sources */,
				C91BBA3B1CCBC05F005477D4 /* Frameworks */,
				C91BBA3C1CCBC05F005477D4 /* Resources */,
				D143FE2476A26D2BEF792EA1 /* Embed Pods Frameworks */,
				9228542FEFA64B5C734AD648 /* Copy Pods Resources */,
				C9C352231CD563BD00392A99 /* ShellScript */,
			);
			buildRules = (
			);
			dependencies = (
			);
			name = "Chicago Oasis";
			productName = "Chicago Oasis";
			productReference = C91BBA3E1CCBC05F005477D4 /* Chicago Oasis.app */;
			productType = "com.apple.product-type.application";
		};
		C91BBA531CCBC060005477D4 /* Chicago OasisTests */ = {
			isa = PBXNativeTarget;
			buildConfigurationList = C91BBA6B1CCBC060005477D4 /* Build configuration list for PBXNativeTarget "Chicago OasisTests" */;
			buildPhases = (
				C91BBA501CCBC060005477D4 /* Sources */,
				C91BBA511CCBC060005477D4 /* Frameworks */,
				C91BBA521CCBC060005477D4 /* Resources */,
			);
			buildRules = (
			);
			dependencies = (
				C91BBA561CCBC060005477D4 /* PBXTargetDependency */,
			);
			name = "Chicago OasisTests";
			productName = "Chicago OasisTests";
			productReference = C91BBA541CCBC060005477D4 /* Chicago OasisTests.xctest */;
			productType = "com.apple.product-type.bundle.unit-test";
		};
		C91BBA5E1CCBC060005477D4 /* Chicago OasisUITests */ = {
			isa = PBXNativeTarget;
			buildConfigurationList = C91BBA6E1CCBC060005477D4 /* Build configuration list for PBXNativeTarget "Chicago OasisUITests" */;
			buildPhases = (
				C91BBA5B1CCBC060005477D4 /* Sources */,
				C91BBA5C1CCBC060005477D4 /* Frameworks */,
				C91BBA5D1CCBC060005477D4 /* Resources */,
			);
			buildRules = (
			);
			dependencies = (
				C91BBA611CCBC060005477D4 /* PBXTargetDependency */,
			);
			name = "Chicago OasisUITests";
			productName = "Chicago OasisUITests";
			productReference = C91BBA5F1CCBC060005477D4 /* Chicago OasisUITests.xctest */;
			productType = "com.apple.product-type.bundle.ui-testing";
		};
/* End PBXNativeTarget section */

/* Begin PBXProject section */
		C91BBA361CCBC05F005477D4 /* Project object */ = {
			isa = PBXProject;
			attributes = {
				LastSwiftUpdateCheck = 0730;
				LastUpgradeCheck = 0730;
				ORGANIZATIONNAME = "Matt DeFano";
				TargetAttributes = {
					C91BBA3D1CCBC05F005477D4 = {
						CreatedOnToolsVersion = 7.3;
						DevelopmentTeam = 5KS4BNQW58;
						SystemCapabilities = {
							com.apple.Maps.iOS = {
								enabled = 1;
							};
						};
					};
					C91BBA531CCBC060005477D4 = {
						CreatedOnToolsVersion = 7.3;
						TestTargetID = C91BBA3D1CCBC05F005477D4;
					};
					C91BBA5E1CCBC060005477D4 = {
						CreatedOnToolsVersion = 7.3;
						TestTargetID = C91BBA3D1CCBC05F005477D4;
					};
				};
			};
			buildConfigurationList = C91BBA391CCBC05F005477D4 /* Build configuration list for PBXProject "Chicago Oasis" */;
			compatibilityVersion = "Xcode 3.2";
			developmentRegion = English;
			hasScannedForEncodings = 0;
			knownRegions = (
				en,
				Base,
			);
			mainGroup = C91BBA351CCBC05F005477D4;
			productRefGroup = C91BBA3F1CCBC05F005477D4 /* Products */;
			projectDirPath = "";
			projectRoot = "";
			targets = (
				C91BBA3D1CCBC05F005477D4 /* Chicago Oasis */,
				C91BBA531CCBC060005477D4 /* Chicago OasisTests */,
				C91BBA5E1CCBC060005477D4 /* Chicago OasisUITests */,
			);
		};
/* End PBXProject section */

/* Begin PBXResourcesBuildPhase section */
		C91BBA3C1CCBC05F005477D4 /* Resources */ = {
			isa = PBXResourcesBuildPhase;
			buildActionMask = 2147483647;
			files = (
				C91BBA4E1CCBC060005477D4 /* LaunchScreen.storyboard in Resources */,
				C91BBA4B1CCBC060005477D4 /* Assets.xcassets in Resources */,
				C91BBA491CCBC05F005477D4 /* Main.storyboard in Resources */,
				C95BBF541CECE23600E44F18 /* Localizable.strings in Resources */,
				C99931551CCD1A3800FB9701 /* census.kml in Resources */,
				C943D1F51CDE361B00941B5C /* Settings.bundle in Resources */,
				C99931511CCC6EE900FB9701 /* neighborhoods.kml in Resources */,
			);
			runOnlyForDeploymentPostprocessing = 0;
		};
		C91BBA521CCBC060005477D4 /* Resources */ = {
			isa = PBXResourcesBuildPhase;
			buildActionMask = 2147483647;
			files = (
			);
			runOnlyForDeploymentPostprocessing = 0;
		};
		C91BBA5D1CCBC060005477D4 /* Resources */ = {
			isa = PBXResourcesBuildPhase;
			buildActionMask = 2147483647;
			files = (
			);
			runOnlyForDeploymentPostprocessing = 0;
		};
/* End PBXResourcesBuildPhase section */

/* Begin PBXShellScriptBuildPhase section */
		9228542FEFA64B5C734AD648 /* Copy Pods Resources */ = {
			isa = PBXShellScriptBuildPhase;
			buildActionMask = 2147483647;
			files = (
			);
			inputPaths = (
			);
			name = "Copy Pods Resources";
			outputPaths = (
			);
			runOnlyForDeploymentPostprocessing = 0;
			shellPath = /bin/sh;
			shellScript = "\"${SRCROOT}/Pods/Target Support Files/Pods-Chicago Oasis/Pods-Chicago Oasis-resources.sh\"\n";
			showEnvVarsInLog = 0;
		};
		C9C352231CD563BD00392A99 /* ShellScript */ = {
			isa = PBXShellScriptBuildPhase;
			buildActionMask = 2147483647;
			files = (
			);
			inputPaths = (
			);
			outputPaths = (
			);
			runOnlyForDeploymentPostprocessing = 0;
			shellPath = /bin/sh;
			shellScript = "\"${PODS_ROOT}/Fabric/run\" ad023fbc3daa1d73711964511b6c6e602c25046a 62921c369b327e959af13be043875afe7e99a1b6f769e98373f6ad5faa41d9b4";
		};
		CE9AF5BC753CC9BEAABFC919 /* Check Pods Manifest.lock */ = {
			isa = PBXShellScriptBuildPhase;
			buildActionMask = 2147483647;
			files = (
			);
			inputPaths = (
			);
			name = "Check Pods Manifest.lock";
			outputPaths = (
			);
			runOnlyForDeploymentPostprocessing = 0;
			shellPath = /bin/sh;
			shellScript = "diff \"${PODS_ROOT}/../Podfile.lock\" \"${PODS_ROOT}/Manifest.lock\" > /dev/null\nif [[ $? != 0 ]] ; then\n    cat << EOM\nerror: The sandbox is not in sync with the Podfile.lock. Run 'pod install' or update your CocoaPods installation.\nEOM\n    exit 1\nfi\n";
			showEnvVarsInLog = 0;
		};
		D143FE2476A26D2BEF792EA1 /* Embed Pods Frameworks */ = {
			isa = PBXShellScriptBuildPhase;
			buildActionMask = 2147483647;
			files = (
			);
			inputPaths = (
			);
			name = "Embed Pods Frameworks";
			outputPaths = (
			);
			runOnlyForDeploymentPostprocessing = 0;
			shellPath = /bin/sh;
			shellScript = "\"${SRCROOT}/Pods/Target Support Files/Pods-Chicago Oasis/Pods-Chicago Oasis-frameworks.sh\"\n";
			showEnvVarsInLog = 0;
		};
/* End PBXShellScriptBuildPhase section */

/* Begin PBXSourcesBuildPhase section */
		C91BBA3A1CCBC05F005477D4 /* Sources */ = {
			isa = PBXSourcesBuildPhase;
			buildActionMask = 2147483647;
			files = (
				C9155A871CD0171400D6B995 /* CriticalBusinessDAO.swift in Sources */,
				C9C352201CD4076900392A99 /* BusinessPopoverController.swift in Sources */,
				C996919B1CD2F4F9007DE451 /* AreaPopoverController.swift in Sources */,
				C91BBA461CCBC05F005477D4 /* DetailViewController.swift in Sources */,
				C944D8A61CCEF0BA005D136E /* LaunchViewController.swift in Sources */,
				C944D8A81CCEF3F9005D136E /* SplitViewController.swift in Sources */,
				C9C352161CD3E35400392A99 /* CriticalBusinessRecord.swift in Sources */,
				C9C3521C1CD3E3B200392A99 /* Polygon.swift in Sources */,
				C91BBA441CCBC05F005477D4 /* MasterViewController.swift in Sources */,
				C956BD941CD2740D00B080E6 /* NeighborhoodPopoverController.swift in Sources */,
				C99931571CCD862600FB9701 /* AboutViewController.swift in Sources */,
				C95AC6461CCC20F00068EFEB /* LicenseDAO.swift in Sources */,
				C99691991CD2F4D2007DE451 /* CensusPopoverController.swift in Sources */,
				C99931591CCD88F500FB9701 /* AccessibilityDAO.swift in Sources */,
				C943D1EF1CDE317F00941B5C /* UserDefaults.swift in Sources */,
				C9C352181CD3E37D00392A99 /* SocioeconomicRecord.swift in Sources */,
				C999314F1CCC6BD700FB9701 /* PolygonDAO.swift in Sources */,
				C9C3521E1CD3E3C800392A99 /* AccessibilityRecord.swift in Sources */,
				C95BBF521CECE06C00E44F18 /* String+Localized.swift in Sources */,
				C91BBA421CCBC05F005477D4 /* AppDelegate.swift in Sources */,
				C9C352221CD50DAA00392A99 /* AlertFacade.swift in Sources */,
				C999315B1CCD898D00FB9701 /* MapType.swift in Sources */,
				C9C3521A1CD3E39F00392A99 /* LicenseRecord.swift in Sources */,
				C9155A891CD0474300D6B995 /* SocioeconomicDAO.swift in Sources */,
			);
			runOnlyForDeploymentPostprocessing = 0;
		};
		C91BBA501CCBC060005477D4 /* Sources */ = {
			isa = PBXSourcesBuildPhase;
			buildActionMask = 2147483647;
			files = (
				C91BBA591CCBC060005477D4 /* Chicago_OasisTests.swift in Sources */,
			);
			runOnlyForDeploymentPostprocessing = 0;
		};
		C91BBA5B1CCBC060005477D4 /* Sources */ = {
			isa = PBXSourcesBuildPhase;
			buildActionMask = 2147483647;
			files = (
				C91BBA641CCBC060005477D4 /* Chicago_OasisUITests.swift in Sources */,
			);
			runOnlyForDeploymentPostprocessing = 0;
		};
/* End PBXSourcesBuildPhase section */

/* Begin PBXTargetDependency section */
		C91BBA561CCBC060005477D4 /* PBXTargetDependency */ = {
			isa = PBXTargetDependency;
			target = C91BBA3D1CCBC05F005477D4 /* Chicago Oasis */;
			targetProxy = C91BBA551CCBC060005477D4 /* PBXContainerItemProxy */;
		};
		C91BBA611CCBC060005477D4 /* PBXTargetDependency */ = {
			isa = PBXTargetDependency;
			target = C91BBA3D1CCBC05F005477D4 /* Chicago Oasis */;
			targetProxy = C91BBA601CCBC060005477D4 /* PBXContainerItemProxy */;
		};
/* End PBXTargetDependency section */

/* Begin PBXVariantGroup section */
		C91BBA471CCBC05F005477D4 /* Main.storyboard */ = {
			isa = PBXVariantGroup;
			children = (
				C91BBA481CCBC05F005477D4 /* Base */,
			);
			name = Main.storyboard;
			sourceTree = "<group>";
		};
		C91BBA4C1CCBC060005477D4 /* LaunchScreen.storyboard */ = {
			isa = PBXVariantGroup;
			children = (
				C91BBA4D1CCBC060005477D4 /* Base */,
			);
			name = LaunchScreen.storyboard;
			sourceTree = "<group>";
		};
/* End PBXVariantGroup section */

/* Begin XCBuildConfiguration section */
		C91BBA661CCBC060005477D4 /* Debug */ = {
			isa = XCBuildConfiguration;
			buildSettings = {
				ALWAYS_SEARCH_USER_PATHS = NO;
				CLANG_ANALYZER_NONNULL = YES;
				CLANG_CXX_LANGUAGE_STANDARD = "gnu++0x";
				CLANG_CXX_LIBRARY = "libc++";
				CLANG_ENABLE_MODULES = YES;
				CLANG_ENABLE_OBJC_ARC = YES;
				CLANG_WARN_BOOL_CONVERSION = YES;
				CLANG_WARN_CONSTANT_CONVERSION = YES;
				CLANG_WARN_DIRECT_OBJC_ISA_USAGE = YES_ERROR;
				CLANG_WARN_EMPTY_BODY = YES;
				CLANG_WARN_ENUM_CONVERSION = YES;
				CLANG_WARN_INT_CONVERSION = YES;
				CLANG_WARN_OBJC_ROOT_CLASS = YES_ERROR;
				CLANG_WARN_UNREACHABLE_CODE = YES;
				CLANG_WARN__DUPLICATE_METHOD_MATCH = YES;
				"CODE_SIGN_IDENTITY[sdk=iphoneos*]" = "iPhone Developer";
				COPY_PHASE_STRIP = NO;
				DEBUG_INFORMATION_FORMAT = dwarf;
				ENABLE_STRICT_OBJC_MSGSEND = YES;
				ENABLE_TESTABILITY = YES;
				GCC_C_LANGUAGE_STANDARD = gnu99;
				GCC_DYNAMIC_NO_PIC = NO;
				GCC_NO_COMMON_BLOCKS = YES;
				GCC_OPTIMIZATION_LEVEL = 0;
				GCC_PREPROCESSOR_DEFINITIONS = (
					"DEBUG=1",
					"$(inherited)",
				);
				GCC_WARN_64_TO_32_BIT_CONVERSION = YES;
				GCC_WARN_ABOUT_RETURN_TYPE = YES_ERROR;
				GCC_WARN_UNDECLARED_SELECTOR = YES;
				GCC_WARN_UNINITIALIZED_AUTOS = YES_AGGRESSIVE;
				GCC_WARN_UNUSED_FUNCTION = YES;
				GCC_WARN_UNUSED_VARIABLE = YES;
				IPHONEOS_DEPLOYMENT_TARGET = 9.0;
				MTL_ENABLE_DEBUG_INFO = YES;
				ONLY_ACTIVE_ARCH = YES;
				SDKROOT = iphoneos;
				SWIFT_OPTIMIZATION_LEVEL = "-Onone";
				TARGETED_DEVICE_FAMILY = "1,2";
			};
			name = Debug;
		};
		C91BBA671CCBC060005477D4 /* Release */ = {
			isa = XCBuildConfiguration;
			buildSettings = {
				ALWAYS_SEARCH_USER_PATHS = NO;
				CLANG_ANALYZER_NONNULL = YES;
				CLANG_CXX_LANGUAGE_STANDARD = "gnu++0x";
				CLANG_CXX_LIBRARY = "libc++";
				CLANG_ENABLE_MODULES = YES;
				CLANG_ENABLE_OBJC_ARC = YES;
				CLANG_WARN_BOOL_CONVERSION = YES;
				CLANG_WARN_CONSTANT_CONVERSION = YES;
				CLANG_WARN_DIRECT_OBJC_ISA_USAGE = YES_ERROR;
				CLANG_WARN_EMPTY_BODY = YES;
				CLANG_WARN_ENUM_CONVERSION = YES;
				CLANG_WARN_INT_CONVERSION = YES;
				CLANG_WARN_OBJC_ROOT_CLASS = YES_ERROR;
				CLANG_WARN_UNREACHABLE_CODE = YES;
				CLANG_WARN__DUPLICATE_METHOD_MATCH = YES;
				"CODE_SIGN_IDENTITY[sdk=iphoneos*]" = "iPhone Developer";
				COPY_PHASE_STRIP = NO;
				DEBUG_INFORMATION_FORMAT = "dwarf-with-dsym";
				ENABLE_NS_ASSERTIONS = NO;
				ENABLE_STRICT_OBJC_MSGSEND = YES;
				GCC_C_LANGUAGE_STANDARD = gnu99;
				GCC_NO_COMMON_BLOCKS = YES;
				GCC_WARN_64_TO_32_BIT_CONVERSION = YES;
				GCC_WARN_ABOUT_RETURN_TYPE = YES_ERROR;
				GCC_WARN_UNDECLARED_SELECTOR = YES;
				GCC_WARN_UNINITIALIZED_AUTOS = YES_AGGRESSIVE;
				GCC_WARN_UNUSED_FUNCTION = YES;
				GCC_WARN_UNUSED_VARIABLE = YES;
				IPHONEOS_DEPLOYMENT_TARGET = 9.0;
				MTL_ENABLE_DEBUG_INFO = NO;
				SDKROOT = iphoneos;
				TARGETED_DEVICE_FAMILY = "1,2";
				VALIDATE_PRODUCT = YES;
			};
			name = Release;
		};
		C91BBA691CCBC060005477D4 /* Debug */ = {
			isa = XCBuildConfiguration;
			baseConfigurationReference = 479286B830A68E12BDF87D7C /* Pods-Chicago Oasis.debug.xcconfig */;
			buildSettings = {
				ASSETCATALOG_COMPILER_APPICON_NAME = AppIcon;
				CODE_SIGN_IDENTITY = "iPhone Developer";
				"CODE_SIGN_IDENTITY[sdk=iphoneos*]" = "iPhone Developer";
				DEBUG_INFORMATION_FORMAT = "dwarf-with-dsym";
				"DEBUG_INFORMATION_FORMAT[sdk=*]" = "dwarf-with-dsym";
				INFOPLIST_FILE = "Chicago Oasis/Info.plist";
				LD_RUNPATH_SEARCH_PATHS = "$(inherited) @executable_path/Frameworks";
				PRODUCT_BUNDLE_IDENTIFIER = com.defano.chicagooasis;
				PRODUCT_NAME = "$(TARGET_NAME)";
				PROVISIONING_PROFILE = "";
			};
			name = Debug;
		};
		C91BBA6A1CCBC060005477D4 /* Release */ = {
			isa = XCBuildConfiguration;
			baseConfigurationReference = FE7FD2AED55C3EBDF6983B64 /* Pods-Chicago Oasis.release.xcconfig */;
			buildSettings = {
				ASSETCATALOG_COMPILER_APPICON_NAME = AppIcon;
				CODE_SIGN_IDENTITY = "iPhone Developer";
				"CODE_SIGN_IDENTITY[sdk=iphoneos*]" = "iPhone Developer";
				INFOPLIST_FILE = "Chicago Oasis/Info.plist";
				LD_RUNPATH_SEARCH_PATHS = "$(inherited) @executable_path/Frameworks";
				PRODUCT_BUNDLE_IDENTIFIER = com.defano.chicagooasis;
				PRODUCT_NAME = "$(TARGET_NAME)";
				PROVISIONING_PROFILE = "";
			};
			name = Release;
		};
		C91BBA6C1CCBC060005477D4 /* Debug */ = {
			isa = XCBuildConfiguration;
			buildSettings = {
				BUNDLE_LOADER = "$(TEST_HOST)";
				INFOPLIST_FILE = "Chicago OasisTests/Info.plist";
				LD_RUNPATH_SEARCH_PATHS = "$(inherited) @executable_path/Frameworks @loader_path/Frameworks";
				PRODUCT_BUNDLE_IDENTIFIER = "com.defano.Chicago-OasisTests";
				PRODUCT_NAME = "$(TARGET_NAME)";
				TEST_HOST = "$(BUILT_PRODUCTS_DIR)/Chicago Oasis.app/Chicago Oasis";
			};
			name = Debug;
		};
		C91BBA6D1CCBC060005477D4 /* Release */ = {
			isa = XCBuildConfiguration;
			buildSettings = {
				BUNDLE_LOADER = "$(TEST_HOST)";
				INFOPLIST_FILE = "Chicago OasisTests/Info.plist";
				LD_RUNPATH_SEARCH_PATHS = "$(inherited) @executable_path/Frameworks @loader_path/Frameworks";
				PRODUCT_BUNDLE_IDENTIFIER = "com.defano.Chicago-OasisTests";
				PRODUCT_NAME = "$(TARGET_NAME)";
				TEST_HOST = "$(BUILT_PRODUCTS_DIR)/Chicago Oasis.app/Chicago Oasis";
			};
			name = Release;
		};
		C91BBA6F1CCBC060005477D4 /* Debug */ = {
			isa = XCBuildConfiguration;
			buildSettings = {
				INFOPLIST_FILE = "Chicago OasisUITests/Info.plist";
				LD_RUNPATH_SEARCH_PATHS = "$(inherited) @executable_path/Frameworks @loader_path/Frameworks";
				PRODUCT_BUNDLE_IDENTIFIER = "com.defano.Chicago-OasisUITests";
				PRODUCT_NAME = "$(TARGET_NAME)";
				TEST_TARGET_NAME = "Chicago Oasis";
			};
			name = Debug;
		};
		C91BBA701CCBC060005477D4 /* Release */ = {
			isa = XCBuildConfiguration;
			buildSettings = {
				INFOPLIST_FILE = "Chicago OasisUITests/Info.plist";
				LD_RUNPATH_SEARCH_PATHS = "$(inherited) @executable_path/Frameworks @loader_path/Frameworks";
				PRODUCT_BUNDLE_IDENTIFIER = "com.defano.Chicago-OasisUITests";
				PRODUCT_NAME = "$(TARGET_NAME)";
				TEST_TARGET_NAME = "Chicago Oasis";
			};
			name = Release;
		};
/* End XCBuildConfiguration section */

/* Begin XCConfigurationList section */
		C91BBA391CCBC05F005477D4 /* Build configuration list for PBXProject "Chicago Oasis" */ = {
			isa = XCConfigurationList;
			buildConfigurations = (
				C91BBA661CCBC060005477D4 /* Debug */,
				C91BBA671CCBC060005477D4 /* Release */,
			);
			defaultConfigurationIsVisible = 0;
			defaultConfigurationName = Release;
		};
		C91BBA681CCBC060005477D4 /* Build configuration list for PBXNativeTarget "Chicago Oasis" */ = {
			isa = XCConfigurationList;
			buildConfigurations = (
				C91BBA691CCBC060005477D4 /* Debug */,
				C91BBA6A1CCBC060005477D4 /* Release */,
			);
			defaultConfigurationIsVisible = 0;
			defaultConfigurationName = Release;
		};
		C91BBA6B1CCBC060005477D4 /* Build configuration list for PBXNativeTarget "Chicago OasisTests" */ = {
			isa = XCConfigurationList;
			buildConfigurations = (
				C91BBA6C1CCBC060005477D4 /* Debug */,
				C91BBA6D1CCBC060005477D4 /* Release */,
			);
			defaultConfigurationIsVisible = 0;
			defaultConfigurationName = Release;
		};
		C91BBA6E1CCBC060005477D4 /* Build configuration list for PBXNativeTarget "Chicago OasisUITests" */ = {
			isa = XCConfigurationList;
			buildConfigurations = (
				C91BBA6F1CCBC060005477D4 /* Debug */,
				C91BBA701CCBC060005477D4 /* Release */,
			);
			defaultConfigurationIsVisible = 0;
			defaultConfigurationName = Release;
		};
/* End XCConfigurationList section */
	};
	rootObject = C91BBA361CCBC05F005477D4 /* Project object */;
}
